
Microsoft Visual Studio Solution File, Format Version 12.00
# Visual Studio 15
VisualStudioVersion = 15.0.28307.1259
MinimumVisualStudioVersion = 10.0.40219.1
Project("{8BC9CEB8-8B4A-11D0-8D11-00A0C91BC942}") = "CodingTest_CodeUp", "CodingTest_CodeUp\CodingTest_CodeUp.vcxproj", "{BE74DE5D-370E-4A00-BBE9-86BDED551440}"
EndProject
Project("{2150E333-8FDC-42A3-9474-1A3956D46DE8}") = "Basic_100", "Basic_100", "{126990B8-6339-41C8-891E-DCBA310407CD}"
EndProject
Project("{8BC9CEB8-8B4A-11D0-8D11-00A0C91BC942}") = "Basic_1001", "Basic_1001\Basic_1001.vcxproj", "{93C80577-E9BB-4AB2-B549-D320E3376959}"
EndProject
Project("{8BC9CEB8-8B4A-11D0-8D11-00A0C91BC942}") = "Basic_1002", "Basic_1002\Basic_1002.vcxproj", "{CF95324C-3F1D-477C-957A-CE90FF5AF37F}"
EndProject
Project("{8BC9CEB8-8B4A-11D0-8D11-00A0C91BC942}") = "Basic_1003", "Basic_1003\Basic_1003.vcxproj", "{94C134A0-EEFA-45E5-AFA6-2E7518372EDD}"
EndProject
Project("{8BC9CEB8-8B4A-11D0-8D11-00A0C91BC942}") = "Basic_1004", "Basic_1004\Basic_1004.vcxproj", "{238CB902-545E-4E56-8F22-F12304F805B7}"
EndProject
Project("{8BC9CEB8-8B4A-11D0-8D11-00A0C91BC942}") = "Basic_1005", "Basic_1005\Basic_1005.vcxproj", "{15AA3D3D-D59A-4238-945E-D4A0560A305C}"
EndProject
Project("{8BC9CEB8-8B4A-11D0-8D11-00A0C91BC942}") = "Basic_1006", "Basic_1006\Basic_1006.vcxproj", "{FAA89DF7-AAAD-4ADC-9D77-E9C299FFAD9D}"
EndProject
Project("{8BC9CEB8-8B4A-11D0-8D11-00A0C91BC942}") = "Basic_1007", "Basic_1007\Basic_1007.vcxproj", "{70866501-7B2A-4AE4-9681-C24EFB9990AC}"
EndProject
Project("{8BC9CEB8-8B4A-11D0-8D11-00A0C91BC942}") = "Basic_1008", "Basic_1008\Basic_1008.vcxproj", "{1BE6AAA8-C99C-43C8-9A56-ADCF2B5C392B}"
EndProject
Project("{8BC9CEB8-8B4A-11D0-8D11-00A0C91BC942}") = "Basic_1010", "Basic_1010\Basic_1010.vcxproj", "{EABF81DA-8692-4585-88E8-A9F2F9452C4F}"
EndProject
Project("{8BC9CEB8-8B4A-11D0-8D11-00A0C91BC942}") = "Basic_1011", "Basic_1011\Basic_1011.vcxproj", "{51E67234-209C-4948-84F4-F67A83E260A9}"
EndProject
Project("{8BC9CEB8-8B4A-11D0-8D11-00A0C91BC942}") = "Basic_1012", "Basic_1012\Basic_1012.vcxproj", "{75C0E8F3-DB82-40A5-822B-8309E6E9B19A}"
EndProject
Project("{2150E333-8FDC-42A3-9474-1A3956D46DE8}") = "Input_Output", "Input_Output", "{3FA98898-9BEC-4F1F-9F32-A768FBBD592F}"
EndProject
Project("{8BC9CEB8-8B4A-11D0-8D11-00A0C91BC942}") = "Basic_1013", "Basic_1013\Basic_1013.vcxproj", "{85CD12CC-B0DC-4D94-AB1C-0EB1E873E4E3}"
EndProject
Project("{8BC9CEB8-8B4A-11D0-8D11-00A0C91BC942}") = "Basic_1014", "Basic_1014\Basic_1014.vcxproj", "{FD2F19AA-1F29-4056-B944-EA43807FA851}"
EndProject
Project("{8BC9CEB8-8B4A-11D0-8D11-00A0C91BC942}") = "Basic_1015", "Basic_1015\Basic_1015.vcxproj", "{A440552A-6CC3-4F34-82B5-414822AFEC73}"
EndProject
Project("{8BC9CEB8-8B4A-11D0-8D11-00A0C91BC942}") = "Basic_1017", "Basic_1017\Basic_1017.vcxproj", "{ADAD4D95-4CCD-41F3-9490-AA1D40DF7E2B}"
EndProject
Project("{8BC9CEB8-8B4A-11D0-8D11-00A0C91BC942}") = "Basic_1018", "Basic_1018\Basic_1018.vcxproj", "{BE37DC2D-426F-4A2A-B664-111AB46AB313}"
EndProject
Project("{8BC9CEB8-8B4A-11D0-8D11-00A0C91BC942}") = "Basic_1019", "Basic_1019\Basic_1019.vcxproj", "{F1C4D5D5-163E-46D9-8BD0-11CBE152C58C}"
EndProject
Project("{8BC9CEB8-8B4A-11D0-8D11-00A0C91BC942}") = "Basic_1020", "Basic_1020\Basic_1020.vcxproj", "{C705B748-B6B0-4D82-B08F-E561E35AAE70}"
EndProject
Project("{8BC9CEB8-8B4A-11D0-8D11-00A0C91BC942}") = "Basic_1021", "Basic_1021\Basic_1021.vcxproj", "{516B6080-120E-4439-B20E-BF9D1B361344}"
EndProject
Project("{8BC9CEB8-8B4A-11D0-8D11-00A0C91BC942}") = "Basic_1022", "Basic_1022\Basic_1022.vcxproj", "{28D3E35F-A900-47AC-B8C3-30BF6F8E1EC1}"
EndProject
Project("{8BC9CEB8-8B4A-11D0-8D11-00A0C91BC942}") = "Basic_1023", "Basic_1023\Basic_1023.vcxproj", "{EC132AD2-A9A5-4099-AEDE-5FEFAF0F9BDB}"
EndProject
Project("{8BC9CEB8-8B4A-11D0-8D11-00A0C91BC942}") = "Basic_1024", "Basic_1024\Basic_1024.vcxproj", "{6548D465-1D57-424C-83D2-32A056E332B5}"
EndProject
Project("{8BC9CEB8-8B4A-11D0-8D11-00A0C91BC942}") = "Basic_1025", "Basic_1025\Basic_1025.vcxproj", "{492F4F42-D353-4159-AE86-9AD1F35A2741}"
EndProject
Project("{8BC9CEB8-8B4A-11D0-8D11-00A0C91BC942}") = "Basic_1026", "Basic_1026\Basic_1026.vcxproj", "{62CDDF40-BAC5-4F84-A103-E9BFC1E0C87A}"
EndProject
Project("{8BC9CEB8-8B4A-11D0-8D11-00A0C91BC942}") = "Basic_1027", "Basic_1027\Basic_1027.vcxproj", "{B33AB5C3-5C71-44EC-B908-256D35A7FC89}"
EndProject
Project("{8BC9CEB8-8B4A-11D0-8D11-00A0C91BC942}") = "Basic_1028", "Basic_1028\Basic_1028.vcxproj", "{03F53A40-BE34-4A46-B1DD-6BDCF6D41681}"
EndProject
Project("{8BC9CEB8-8B4A-11D0-8D11-00A0C91BC942}") = "Basic_1029", "Basic_1029\Basic_1029.vcxproj", "{0856FBE3-4150-4A2A-8DCE-BFE61754A569}"
EndProject
Project("{8BC9CEB8-8B4A-11D0-8D11-00A0C91BC942}") = "Basic_1030", "Basic_1030\Basic_1030.vcxproj", "{36825DC3-5913-4E0B-A796-F4455FC1CEC4}"
EndProject
Project("{8BC9CEB8-8B4A-11D0-8D11-00A0C91BC942}") = "Basic_1031", "Basic_1031\Basic_1031.vcxproj", "{E6C08369-67D0-43D9-9B92-CAABA1C50CC4}"
EndProject
Project("{8BC9CEB8-8B4A-11D0-8D11-00A0C91BC942}") = "Basic_1032", "Basic_1032\Basic_1032.vcxproj", "{70F3F3CA-0AD4-4834-A5C9-8B1A6EDB15E3}"
EndProject
Project("{8BC9CEB8-8B4A-11D0-8D11-00A0C91BC942}") = "Basic_1033", "Basic_1033\Basic_1033.vcxproj", "{337789A4-3C4E-4924-B24F-441AB666B3E5}"
EndProject
Project("{8BC9CEB8-8B4A-11D0-8D11-00A0C91BC942}") = "Basic_1034", "Basic_1034\Basic_1034.vcxproj", "{DEA09171-1681-413B-A4C8-278C402FA2FE}"
EndProject
Project("{8BC9CEB8-8B4A-11D0-8D11-00A0C91BC942}") = "Basic_1035", "Basic_1035\Basic_1035.vcxproj", "{DCADA85D-4D5F-42AF-9649-CE3462526AED}"
EndProject
Project("{8BC9CEB8-8B4A-11D0-8D11-00A0C91BC942}") = "Basic_1036", "Basic_1036\Basic_1036.vcxproj", "{19864E9D-D088-4EDA-BBED-169F4EC6CE42}"
EndProject
Project("{8BC9CEB8-8B4A-11D0-8D11-00A0C91BC942}") = "Basic_1037", "Basic_1037\Basic_1037.vcxproj", "{34174B67-FFB5-426B-A619-88C47481D53C}"
EndProject
Project("{2150E333-8FDC-42A3-9474-1A3956D46DE8}") = "Calculate", "Calculate", "{5CA6F504-5445-4360-8775-566291F7359A}"
EndProject
Project("{8BC9CEB8-8B4A-11D0-8D11-00A0C91BC942}") = "Basic_1038", "Basic_1038\Basic_1038.vcxproj", "{8B59C4ED-7D78-47A0-AAC8-31E79396C27D}"
EndProject
Project("{8BC9CEB8-8B4A-11D0-8D11-00A0C91BC942}") = "Basic_1039", "Basic_1039\Basic_1039.vcxproj", "{0127AB83-4DDC-427B-B22E-559D76FFC6BA}"
EndProject
Project("{8BC9CEB8-8B4A-11D0-8D11-00A0C91BC942}") = "Basic_1040", "Basic_1040\Basic_1040.vcxproj", "{E36B7EE1-C3D8-4F37-A6BF-1D118EF9E70F}"
EndProject
Project("{8BC9CEB8-8B4A-11D0-8D11-00A0C91BC942}") = "Basic_1041", "Basic_1041\Basic_1041.vcxproj", "{E281118F-8228-490F-8953-52FC28F425D0}"
EndProject
Project("{8BC9CEB8-8B4A-11D0-8D11-00A0C91BC942}") = "Basic_1042", "Basic_1042\Basic_1042.vcxproj", "{94E5E610-078B-4A8B-AA58-1047CB62F876}"
EndProject
Project("{8BC9CEB8-8B4A-11D0-8D11-00A0C91BC942}") = "Basic_1043", "Basic_1043\Basic_1043.vcxproj", "{59EBA6AE-6895-42C6-8A24-16BAA5633BE1}"
EndProject
Project("{8BC9CEB8-8B4A-11D0-8D11-00A0C91BC942}") = "Basic_1044", "Basic_1044\Basic_1044.vcxproj", "{B07734CF-226C-40E3-868C-C4CD9E2D09D7}"
EndProject
Project("{8BC9CEB8-8B4A-11D0-8D11-00A0C91BC942}") = "Basic_1045", "Basic_1045\Basic_1045.vcxproj", "{CC67C557-CFF0-420A-BAC1-73157CF561EB}"
EndProject
Project("{8BC9CEB8-8B4A-11D0-8D11-00A0C91BC942}") = "Basic_1046", "Basic_1046\Basic_1046.vcxproj", "{60AFE362-5E6B-488E-AC9E-5FD37043C796}"
EndProject
Project("{8BC9CEB8-8B4A-11D0-8D11-00A0C91BC942}") = "Basic_1047", "Basic_1047\Basic_1047.vcxproj", "{C9C77F18-640A-4BB1-B3DD-19EC08ABE498}"
EndProject
Project("{8BC9CEB8-8B4A-11D0-8D11-00A0C91BC942}") = "Basic_1048", "Basic_1048\Basic_1048.vcxproj", "{C717E6E0-1FA6-47B9-B7DB-2BB75C909603}"
EndProject
Project("{8BC9CEB8-8B4A-11D0-8D11-00A0C91BC942}") = "Basic_1049", "Basic_1049\Basic_1049.vcxproj", "{01E2EA39-E149-4393-9745-85A494F7705D}"
EndProject
Project("{8BC9CEB8-8B4A-11D0-8D11-00A0C91BC942}") = "Basic_1050", "Basic_1050\Basic_1050.vcxproj", "{988FC64D-5BDE-4252-8663-A5719F371873}"
EndProject
Project("{8BC9CEB8-8B4A-11D0-8D11-00A0C91BC942}") = "Basic_1051", "Basic_1051\Basic_1051.vcxproj", "{0DA3AEB8-593D-41C9-B9E6-48EF32581304}"
EndProject
Project("{8BC9CEB8-8B4A-11D0-8D11-00A0C91BC942}") = "Basic_1052", "Basic_1052\Basic_1052.vcxproj", "{0E8115E4-5A84-4930-BE4F-97DB4D730D84}"
EndProject
Project("{8BC9CEB8-8B4A-11D0-8D11-00A0C91BC942}") = "Basic_1053", "Basic_1053\Basic_1053.vcxproj", "{389EABF1-1F63-4EE7-9E03-6775A8EAA54E}"
EndProject
Project("{8BC9CEB8-8B4A-11D0-8D11-00A0C91BC942}") = "Basic_1054", "Basic_1054\Basic_1054.vcxproj", "{3E2A3CB1-0B9F-4C40-813E-FAAFA25DD365}"
EndProject
Project("{8BC9CEB8-8B4A-11D0-8D11-00A0C91BC942}") = "Basic_1055", "Basic_1055\Basic_1055.vcxproj", "{D5E90F84-B7E9-4EF3-B730-0BCBDD0913C9}"
EndProject
Project("{8BC9CEB8-8B4A-11D0-8D11-00A0C91BC942}") = "Basic_1056", "Basic_1056\Basic_1056.vcxproj", "{D5D1338B-A088-4F20-9A77-2D5222F5F2F5}"
EndProject
Project("{8BC9CEB8-8B4A-11D0-8D11-00A0C91BC942}") = "Basic_1057", "Basic_1057\Basic_1057.vcxproj", "{6A9A8871-F9C5-48DB-A1B2-CA7A6F9F0B87}"
EndProject
Project("{8BC9CEB8-8B4A-11D0-8D11-00A0C91BC942}") = "Basic_1058", "Basic_1058\Basic_1058.vcxproj", "{5F9BD152-E8F4-4F29-93FB-7CF607EED304}"
EndProject
Project("{8BC9CEB8-8B4A-11D0-8D11-00A0C91BC942}") = "Basic_1059", "Basic_1059\Basic_1059.vcxproj", "{9A88DB84-0DEB-4C31-9550-B965AC22FF89}"
EndProject
Project("{8BC9CEB8-8B4A-11D0-8D11-00A0C91BC942}") = "Basic_1060", "Basic_1060\Basic_1060.vcxproj", "{FA4C17F4-1E9F-41E3-A352-6261224E3C7F}"
EndProject
Project("{8BC9CEB8-8B4A-11D0-8D11-00A0C91BC942}") = "Basic_1061", "Basic_1061\Basic_1061.vcxproj", "{2131EE69-3755-43F3-B9C5-59D143781DD1}"
EndProject
Project("{8BC9CEB8-8B4A-11D0-8D11-00A0C91BC942}") = "Basic_1062", "Basic_1062\Basic_1062.vcxproj", "{043A363C-F339-4935-A00D-2CD1149732B7}"
EndProject
Project("{8BC9CEB8-8B4A-11D0-8D11-00A0C91BC942}") = "Basic_1063", "Basic_1063\Basic_1063.vcxproj", "{77670CC8-021A-4AB1-9703-44FFFBE63E8F}"
EndProject
Project("{8BC9CEB8-8B4A-11D0-8D11-00A0C91BC942}") = "Basic_1064", "Basic_1064\Basic_1064.vcxproj", "{EFD3E0A8-6D1C-4CC0-94C0-A4C17E6B53C0}"
EndProject
Project("{8BC9CEB8-8B4A-11D0-8D11-00A0C91BC942}") = "Basic_1065", "Basic_1065\Basic_1065.vcxproj", "{13FB3AC8-8B53-4668-8EF3-FA82609EB3B3}"
EndProject
Global
	GlobalSection(SolutionConfigurationPlatforms) = preSolution
		Debug|x64 = Debug|x64
		Debug|x86 = Debug|x86
		Release|x64 = Release|x64
		Release|x86 = Release|x86
	EndGlobalSection
	GlobalSection(ProjectConfigurationPlatforms) = postSolution
		{BE74DE5D-370E-4A00-BBE9-86BDED551440}.Debug|x64.ActiveCfg = Debug|x64
		{BE74DE5D-370E-4A00-BBE9-86BDED551440}.Debug|x64.Build.0 = Debug|x64
		{BE74DE5D-370E-4A00-BBE9-86BDED551440}.Debug|x86.ActiveCfg = Debug|Win32
		{BE74DE5D-370E-4A00-BBE9-86BDED551440}.Debug|x86.Build.0 = Debug|Win32
		{BE74DE5D-370E-4A00-BBE9-86BDED551440}.Release|x64.ActiveCfg = Release|x64
		{BE74DE5D-370E-4A00-BBE9-86BDED551440}.Release|x64.Build.0 = Release|x64
		{BE74DE5D-370E-4A00-BBE9-86BDED551440}.Release|x86.ActiveCfg = Release|Win32
		{BE74DE5D-370E-4A00-BBE9-86BDED551440}.Release|x86.Build.0 = Release|Win32
		{93C80577-E9BB-4AB2-B549-D320E3376959}.Debug|x64.ActiveCfg = Debug|x64
		{93C80577-E9BB-4AB2-B549-D320E3376959}.Debug|x64.Build.0 = Debug|x64
		{93C80577-E9BB-4AB2-B549-D320E3376959}.Debug|x86.ActiveCfg = Debug|Win32
		{93C80577-E9BB-4AB2-B549-D320E3376959}.Debug|x86.Build.0 = Debug|Win32
		{93C80577-E9BB-4AB2-B549-D320E3376959}.Release|x64.ActiveCfg = Release|x64
		{93C80577-E9BB-4AB2-B549-D320E3376959}.Release|x64.Build.0 = Release|x64
		{93C80577-E9BB-4AB2-B549-D320E3376959}.Release|x86.ActiveCfg = Release|Win32
		{93C80577-E9BB-4AB2-B549-D320E3376959}.Release|x86.Build.0 = Release|Win32
		{CF95324C-3F1D-477C-957A-CE90FF5AF37F}.Debug|x64.ActiveCfg = Debug|x64
		{CF95324C-3F1D-477C-957A-CE90FF5AF37F}.Debug|x64.Build.0 = Debug|x64
		{CF95324C-3F1D-477C-957A-CE90FF5AF37F}.Debug|x86.ActiveCfg = Debug|Win32
		{CF95324C-3F1D-477C-957A-CE90FF5AF37F}.Debug|x86.Build.0 = Debug|Win32
		{CF95324C-3F1D-477C-957A-CE90FF5AF37F}.Release|x64.ActiveCfg = Release|x64
		{CF95324C-3F1D-477C-957A-CE90FF5AF37F}.Release|x64.Build.0 = Release|x64
		{CF95324C-3F1D-477C-957A-CE90FF5AF37F}.Release|x86.ActiveCfg = Release|Win32
		{CF95324C-3F1D-477C-957A-CE90FF5AF37F}.Release|x86.Build.0 = Release|Win32
		{94C134A0-EEFA-45E5-AFA6-2E7518372EDD}.Debug|x64.ActiveCfg = Debug|x64
		{94C134A0-EEFA-45E5-AFA6-2E7518372EDD}.Debug|x64.Build.0 = Debug|x64
		{94C134A0-EEFA-45E5-AFA6-2E7518372EDD}.Debug|x86.ActiveCfg = Debug|Win32
		{94C134A0-EEFA-45E5-AFA6-2E7518372EDD}.Debug|x86.Build.0 = Debug|Win32
		{94C134A0-EEFA-45E5-AFA6-2E7518372EDD}.Release|x64.ActiveCfg = Release|x64
		{94C134A0-EEFA-45E5-AFA6-2E7518372EDD}.Release|x64.Build.0 = Release|x64
		{94C134A0-EEFA-45E5-AFA6-2E7518372EDD}.Release|x86.ActiveCfg = Release|Win32
		{94C134A0-EEFA-45E5-AFA6-2E7518372EDD}.Release|x86.Build.0 = Release|Win32
		{238CB902-545E-4E56-8F22-F12304F805B7}.Debug|x64.ActiveCfg = Debug|x64
		{238CB902-545E-4E56-8F22-F12304F805B7}.Debug|x64.Build.0 = Debug|x64
		{238CB902-545E-4E56-8F22-F12304F805B7}.Debug|x86.ActiveCfg = Debug|Win32
		{238CB902-545E-4E56-8F22-F12304F805B7}.Debug|x86.Build.0 = Debug|Win32
		{238CB902-545E-4E56-8F22-F12304F805B7}.Release|x64.ActiveCfg = Release|x64
		{238CB902-545E-4E56-8F22-F12304F805B7}.Release|x64.Build.0 = Release|x64
		{238CB902-545E-4E56-8F22-F12304F805B7}.Release|x86.ActiveCfg = Release|Win32
		{238CB902-545E-4E56-8F22-F12304F805B7}.Release|x86.Build.0 = Release|Win32
		{15AA3D3D-D59A-4238-945E-D4A0560A305C}.Debug|x64.ActiveCfg = Debug|x64
		{15AA3D3D-D59A-4238-945E-D4A0560A305C}.Debug|x64.Build.0 = Debug|x64
		{15AA3D3D-D59A-4238-945E-D4A0560A305C}.Debug|x86.ActiveCfg = Debug|Win32
		{15AA3D3D-D59A-4238-945E-D4A0560A305C}.Debug|x86.Build.0 = Debug|Win32
		{15AA3D3D-D59A-4238-945E-D4A0560A305C}.Release|x64.ActiveCfg = Release|x64
		{15AA3D3D-D59A-4238-945E-D4A0560A305C}.Release|x64.Build.0 = Release|x64
		{15AA3D3D-D59A-4238-945E-D4A0560A305C}.Release|x86.ActiveCfg = Release|Win32
		{15AA3D3D-D59A-4238-945E-D4A0560A305C}.Release|x86.Build.0 = Release|Win32
		{FAA89DF7-AAAD-4ADC-9D77-E9C299FFAD9D}.Debug|x64.ActiveCfg = Debug|x64
		{FAA89DF7-AAAD-4ADC-9D77-E9C299FFAD9D}.Debug|x64.Build.0 = Debug|x64
		{FAA89DF7-AAAD-4ADC-9D77-E9C299FFAD9D}.Debug|x86.ActiveCfg = Debug|Win32
		{FAA89DF7-AAAD-4ADC-9D77-E9C299FFAD9D}.Debug|x86.Build.0 = Debug|Win32
		{FAA89DF7-AAAD-4ADC-9D77-E9C299FFAD9D}.Release|x64.ActiveCfg = Release|x64
		{FAA89DF7-AAAD-4ADC-9D77-E9C299FFAD9D}.Release|x64.Build.0 = Release|x64
		{FAA89DF7-AAAD-4ADC-9D77-E9C299FFAD9D}.Release|x86.ActiveCfg = Release|Win32
		{FAA89DF7-AAAD-4ADC-9D77-E9C299FFAD9D}.Release|x86.Build.0 = Release|Win32
		{70866501-7B2A-4AE4-9681-C24EFB9990AC}.Debug|x64.ActiveCfg = Debug|x64
		{70866501-7B2A-4AE4-9681-C24EFB9990AC}.Debug|x64.Build.0 = Debug|x64
		{70866501-7B2A-4AE4-9681-C24EFB9990AC}.Debug|x86.ActiveCfg = Debug|Win32
		{70866501-7B2A-4AE4-9681-C24EFB9990AC}.Debug|x86.Build.0 = Debug|Win32
		{70866501-7B2A-4AE4-9681-C24EFB9990AC}.Release|x64.ActiveCfg = Release|x64
		{70866501-7B2A-4AE4-9681-C24EFB9990AC}.Release|x64.Build.0 = Release|x64
		{70866501-7B2A-4AE4-9681-C24EFB9990AC}.Release|x86.ActiveCfg = Release|Win32
		{70866501-7B2A-4AE4-9681-C24EFB9990AC}.Release|x86.Build.0 = Release|Win32
		{1BE6AAA8-C99C-43C8-9A56-ADCF2B5C392B}.Debug|x64.ActiveCfg = Debug|x64
		{1BE6AAA8-C99C-43C8-9A56-ADCF2B5C392B}.Debug|x64.Build.0 = Debug|x64
		{1BE6AAA8-C99C-43C8-9A56-ADCF2B5C392B}.Debug|x86.ActiveCfg = Debug|Win32
		{1BE6AAA8-C99C-43C8-9A56-ADCF2B5C392B}.Debug|x86.Build.0 = Debug|Win32
		{1BE6AAA8-C99C-43C8-9A56-ADCF2B5C392B}.Release|x64.ActiveCfg = Release|x64
		{1BE6AAA8-C99C-43C8-9A56-ADCF2B5C392B}.Release|x64.Build.0 = Release|x64
		{1BE6AAA8-C99C-43C8-9A56-ADCF2B5C392B}.Release|x86.ActiveCfg = Release|Win32
		{1BE6AAA8-C99C-43C8-9A56-ADCF2B5C392B}.Release|x86.Build.0 = Release|Win32
		{EABF81DA-8692-4585-88E8-A9F2F9452C4F}.Debug|x64.ActiveCfg = Debug|x64
		{EABF81DA-8692-4585-88E8-A9F2F9452C4F}.Debug|x64.Build.0 = Debug|x64
		{EABF81DA-8692-4585-88E8-A9F2F9452C4F}.Debug|x86.ActiveCfg = Debug|Win32
		{EABF81DA-8692-4585-88E8-A9F2F9452C4F}.Debug|x86.Build.0 = Debug|Win32
		{EABF81DA-8692-4585-88E8-A9F2F9452C4F}.Release|x64.ActiveCfg = Release|x64
		{EABF81DA-8692-4585-88E8-A9F2F9452C4F}.Release|x64.Build.0 = Release|x64
		{EABF81DA-8692-4585-88E8-A9F2F9452C4F}.Release|x86.ActiveCfg = Release|Win32
		{EABF81DA-8692-4585-88E8-A9F2F9452C4F}.Release|x86.Build.0 = Release|Win32
		{51E67234-209C-4948-84F4-F67A83E260A9}.Debug|x64.ActiveCfg = Debug|x64
		{51E67234-209C-4948-84F4-F67A83E260A9}.Debug|x64.Build.0 = Debug|x64
		{51E67234-209C-4948-84F4-F67A83E260A9}.Debug|x86.ActiveCfg = Debug|Win32
		{51E67234-209C-4948-84F4-F67A83E260A9}.Debug|x86.Build.0 = Debug|Win32
		{51E67234-209C-4948-84F4-F67A83E260A9}.Release|x64.ActiveCfg = Release|x64
		{51E67234-209C-4948-84F4-F67A83E260A9}.Release|x64.Build.0 = Release|x64
		{51E67234-209C-4948-84F4-F67A83E260A9}.Release|x86.ActiveCfg = Release|Win32
		{51E67234-209C-4948-84F4-F67A83E260A9}.Release|x86.Build.0 = Release|Win32
		{75C0E8F3-DB82-40A5-822B-8309E6E9B19A}.Debug|x64.ActiveCfg = Debug|x64
		{75C0E8F3-DB82-40A5-822B-8309E6E9B19A}.Debug|x64.Build.0 = Debug|x64
		{75C0E8F3-DB82-40A5-822B-8309E6E9B19A}.Debug|x86.ActiveCfg = Debug|Win32
		{75C0E8F3-DB82-40A5-822B-8309E6E9B19A}.Debug|x86.Build.0 = Debug|Win32
		{75C0E8F3-DB82-40A5-822B-8309E6E9B19A}.Release|x64.ActiveCfg = Release|x64
		{75C0E8F3-DB82-40A5-822B-8309E6E9B19A}.Release|x64.Build.0 = Release|x64
		{75C0E8F3-DB82-40A5-822B-8309E6E9B19A}.Release|x86.ActiveCfg = Release|Win32
		{75C0E8F3-DB82-40A5-822B-8309E6E9B19A}.Release|x86.Build.0 = Release|Win32
		{85CD12CC-B0DC-4D94-AB1C-0EB1E873E4E3}.Debug|x64.ActiveCfg = Debug|x64
		{85CD12CC-B0DC-4D94-AB1C-0EB1E873E4E3}.Debug|x64.Build.0 = Debug|x64
		{85CD12CC-B0DC-4D94-AB1C-0EB1E873E4E3}.Debug|x86.ActiveCfg = Debug|Win32
		{85CD12CC-B0DC-4D94-AB1C-0EB1E873E4E3}.Debug|x86.Build.0 = Debug|Win32
		{85CD12CC-B0DC-4D94-AB1C-0EB1E873E4E3}.Release|x64.ActiveCfg = Release|x64
		{85CD12CC-B0DC-4D94-AB1C-0EB1E873E4E3}.Release|x64.Build.0 = Release|x64
		{85CD12CC-B0DC-4D94-AB1C-0EB1E873E4E3}.Release|x86.ActiveCfg = Release|Win32
		{85CD12CC-B0DC-4D94-AB1C-0EB1E873E4E3}.Release|x86.Build.0 = Release|Win32
		{FD2F19AA-1F29-4056-B944-EA43807FA851}.Debug|x64.ActiveCfg = Debug|x64
		{FD2F19AA-1F29-4056-B944-EA43807FA851}.Debug|x64.Build.0 = Debug|x64
		{FD2F19AA-1F29-4056-B944-EA43807FA851}.Debug|x86.ActiveCfg = Debug|Win32
		{FD2F19AA-1F29-4056-B944-EA43807FA851}.Debug|x86.Build.0 = Debug|Win32
		{FD2F19AA-1F29-4056-B944-EA43807FA851}.Release|x64.ActiveCfg = Release|x64
		{FD2F19AA-1F29-4056-B944-EA43807FA851}.Release|x64.Build.0 = Release|x64
		{FD2F19AA-1F29-4056-B944-EA43807FA851}.Release|x86.ActiveCfg = Release|Win32
		{FD2F19AA-1F29-4056-B944-EA43807FA851}.Release|x86.Build.0 = Release|Win32
		{A440552A-6CC3-4F34-82B5-414822AFEC73}.Debug|x64.ActiveCfg = Debug|x64
		{A440552A-6CC3-4F34-82B5-414822AFEC73}.Debug|x64.Build.0 = Debug|x64
		{A440552A-6CC3-4F34-82B5-414822AFEC73}.Debug|x86.ActiveCfg = Debug|Win32
		{A440552A-6CC3-4F34-82B5-414822AFEC73}.Debug|x86.Build.0 = Debug|Win32
		{A440552A-6CC3-4F34-82B5-414822AFEC73}.Release|x64.ActiveCfg = Release|x64
		{A440552A-6CC3-4F34-82B5-414822AFEC73}.Release|x64.Build.0 = Release|x64
		{A440552A-6CC3-4F34-82B5-414822AFEC73}.Release|x86.ActiveCfg = Release|Win32
		{A440552A-6CC3-4F34-82B5-414822AFEC73}.Release|x86.Build.0 = Release|Win32
		{ADAD4D95-4CCD-41F3-9490-AA1D40DF7E2B}.Debug|x64.ActiveCfg = Debug|x64
		{ADAD4D95-4CCD-41F3-9490-AA1D40DF7E2B}.Debug|x64.Build.0 = Debug|x64
		{ADAD4D95-4CCD-41F3-9490-AA1D40DF7E2B}.Debug|x86.ActiveCfg = Debug|Win32
		{ADAD4D95-4CCD-41F3-9490-AA1D40DF7E2B}.Debug|x86.Build.0 = Debug|Win32
		{ADAD4D95-4CCD-41F3-9490-AA1D40DF7E2B}.Release|x64.ActiveCfg = Release|x64
		{ADAD4D95-4CCD-41F3-9490-AA1D40DF7E2B}.Release|x64.Build.0 = Release|x64
		{ADAD4D95-4CCD-41F3-9490-AA1D40DF7E2B}.Release|x86.ActiveCfg = Release|Win32
		{ADAD4D95-4CCD-41F3-9490-AA1D40DF7E2B}.Release|x86.Build.0 = Release|Win32
		{BE37DC2D-426F-4A2A-B664-111AB46AB313}.Debug|x64.ActiveCfg = Debug|x64
		{BE37DC2D-426F-4A2A-B664-111AB46AB313}.Debug|x64.Build.0 = Debug|x64
		{BE37DC2D-426F-4A2A-B664-111AB46AB313}.Debug|x86.ActiveCfg = Debug|Win32
		{BE37DC2D-426F-4A2A-B664-111AB46AB313}.Debug|x86.Build.0 = Debug|Win32
		{BE37DC2D-426F-4A2A-B664-111AB46AB313}.Release|x64.ActiveCfg = Release|x64
		{BE37DC2D-426F-4A2A-B664-111AB46AB313}.Release|x64.Build.0 = Release|x64
		{BE37DC2D-426F-4A2A-B664-111AB46AB313}.Release|x86.ActiveCfg = Release|Win32
		{BE37DC2D-426F-4A2A-B664-111AB46AB313}.Release|x86.Build.0 = Release|Win32
		{F1C4D5D5-163E-46D9-8BD0-11CBE152C58C}.Debug|x64.ActiveCfg = Debug|x64
		{F1C4D5D5-163E-46D9-8BD0-11CBE152C58C}.Debug|x64.Build.0 = Debug|x64
		{F1C4D5D5-163E-46D9-8BD0-11CBE152C58C}.Debug|x86.ActiveCfg = Debug|Win32
		{F1C4D5D5-163E-46D9-8BD0-11CBE152C58C}.Debug|x86.Build.0 = Debug|Win32
		{F1C4D5D5-163E-46D9-8BD0-11CBE152C58C}.Release|x64.ActiveCfg = Release|x64
		{F1C4D5D5-163E-46D9-8BD0-11CBE152C58C}.Release|x64.Build.0 = Release|x64
		{F1C4D5D5-163E-46D9-8BD0-11CBE152C58C}.Release|x86.ActiveCfg = Release|Win32
		{F1C4D5D5-163E-46D9-8BD0-11CBE152C58C}.Release|x86.Build.0 = Release|Win32
		{C705B748-B6B0-4D82-B08F-E561E35AAE70}.Debug|x64.ActiveCfg = Debug|x64
		{C705B748-B6B0-4D82-B08F-E561E35AAE70}.Debug|x64.Build.0 = Debug|x64
		{C705B748-B6B0-4D82-B08F-E561E35AAE70}.Debug|x86.ActiveCfg = Debug|Win32
		{C705B748-B6B0-4D82-B08F-E561E35AAE70}.Debug|x86.Build.0 = Debug|Win32
		{C705B748-B6B0-4D82-B08F-E561E35AAE70}.Release|x64.ActiveCfg = Release|x64
		{C705B748-B6B0-4D82-B08F-E561E35AAE70}.Release|x64.Build.0 = Release|x64
		{C705B748-B6B0-4D82-B08F-E561E35AAE70}.Release|x86.ActiveCfg = Release|Win32
		{C705B748-B6B0-4D82-B08F-E561E35AAE70}.Release|x86.Build.0 = Release|Win32
		{516B6080-120E-4439-B20E-BF9D1B361344}.Debug|x64.ActiveCfg = Debug|x64
		{516B6080-120E-4439-B20E-BF9D1B361344}.Debug|x64.Build.0 = Debug|x64
		{516B6080-120E-4439-B20E-BF9D1B361344}.Debug|x86.ActiveCfg = Debug|Win32
		{516B6080-120E-4439-B20E-BF9D1B361344}.Debug|x86.Build.0 = Debug|Win32
		{516B6080-120E-4439-B20E-BF9D1B361344}.Release|x64.ActiveCfg = Release|x64
		{516B6080-120E-4439-B20E-BF9D1B361344}.Release|x64.Build.0 = Release|x64
		{516B6080-120E-4439-B20E-BF9D1B361344}.Release|x86.ActiveCfg = Release|Win32
		{516B6080-120E-4439-B20E-BF9D1B361344}.Release|x86.Build.0 = Release|Win32
		{28D3E35F-A900-47AC-B8C3-30BF6F8E1EC1}.Debug|x64.ActiveCfg = Debug|x64
		{28D3E35F-A900-47AC-B8C3-30BF6F8E1EC1}.Debug|x64.Build.0 = Debug|x64
		{28D3E35F-A900-47AC-B8C3-30BF6F8E1EC1}.Debug|x86.ActiveCfg = Debug|Win32
		{28D3E35F-A900-47AC-B8C3-30BF6F8E1EC1}.Debug|x86.Build.0 = Debug|Win32
		{28D3E35F-A900-47AC-B8C3-30BF6F8E1EC1}.Release|x64.ActiveCfg = Release|x64
		{28D3E35F-A900-47AC-B8C3-30BF6F8E1EC1}.Release|x64.Build.0 = Release|x64
		{28D3E35F-A900-47AC-B8C3-30BF6F8E1EC1}.Release|x86.ActiveCfg = Release|Win32
		{28D3E35F-A900-47AC-B8C3-30BF6F8E1EC1}.Release|x86.Build.0 = Release|Win32
		{EC132AD2-A9A5-4099-AEDE-5FEFAF0F9BDB}.Debug|x64.ActiveCfg = Debug|x64
		{EC132AD2-A9A5-4099-AEDE-5FEFAF0F9BDB}.Debug|x64.Build.0 = Debug|x64
		{EC132AD2-A9A5-4099-AEDE-5FEFAF0F9BDB}.Debug|x86.ActiveCfg = Debug|Win32
		{EC132AD2-A9A5-4099-AEDE-5FEFAF0F9BDB}.Debug|x86.Build.0 = Debug|Win32
		{EC132AD2-A9A5-4099-AEDE-5FEFAF0F9BDB}.Release|x64.ActiveCfg = Release|x64
		{EC132AD2-A9A5-4099-AEDE-5FEFAF0F9BDB}.Release|x64.Build.0 = Release|x64
		{EC132AD2-A9A5-4099-AEDE-5FEFAF0F9BDB}.Release|x86.ActiveCfg = Release|Win32
		{EC132AD2-A9A5-4099-AEDE-5FEFAF0F9BDB}.Release|x86.Build.0 = Release|Win32
		{6548D465-1D57-424C-83D2-32A056E332B5}.Debug|x64.ActiveCfg = Debug|x64
		{6548D465-1D57-424C-83D2-32A056E332B5}.Debug|x64.Build.0 = Debug|x64
		{6548D465-1D57-424C-83D2-32A056E332B5}.Debug|x86.ActiveCfg = Debug|Win32
		{6548D465-1D57-424C-83D2-32A056E332B5}.Debug|x86.Build.0 = Debug|Win32
		{6548D465-1D57-424C-83D2-32A056E332B5}.Release|x64.ActiveCfg = Release|x64
		{6548D465-1D57-424C-83D2-32A056E332B5}.Release|x64.Build.0 = Release|x64
		{6548D465-1D57-424C-83D2-32A056E332B5}.Release|x86.ActiveCfg = Release|Win32
		{6548D465-1D57-424C-83D2-32A056E332B5}.Release|x86.Build.0 = Release|Win32
		{492F4F42-D353-4159-AE86-9AD1F35A2741}.Debug|x64.ActiveCfg = Debug|x64
		{492F4F42-D353-4159-AE86-9AD1F35A2741}.Debug|x64.Build.0 = Debug|x64
		{492F4F42-D353-4159-AE86-9AD1F35A2741}.Debug|x86.ActiveCfg = Debug|Win32
		{492F4F42-D353-4159-AE86-9AD1F35A2741}.Debug|x86.Build.0 = Debug|Win32
		{492F4F42-D353-4159-AE86-9AD1F35A2741}.Release|x64.ActiveCfg = Release|x64
		{492F4F42-D353-4159-AE86-9AD1F35A2741}.Release|x64.Build.0 = Release|x64
		{492F4F42-D353-4159-AE86-9AD1F35A2741}.Release|x86.ActiveCfg = Release|Win32
		{492F4F42-D353-4159-AE86-9AD1F35A2741}.Release|x86.Build.0 = Release|Win32
		{62CDDF40-BAC5-4F84-A103-E9BFC1E0C87A}.Debug|x64.ActiveCfg = Debug|x64
		{62CDDF40-BAC5-4F84-A103-E9BFC1E0C87A}.Debug|x64.Build.0 = Debug|x64
		{62CDDF40-BAC5-4F84-A103-E9BFC1E0C87A}.Debug|x86.ActiveCfg = Debug|Win32
		{62CDDF40-BAC5-4F84-A103-E9BFC1E0C87A}.Debug|x86.Build.0 = Debug|Win32
		{62CDDF40-BAC5-4F84-A103-E9BFC1E0C87A}.Release|x64.ActiveCfg = Release|x64
		{62CDDF40-BAC5-4F84-A103-E9BFC1E0C87A}.Release|x64.Build.0 = Release|x64
		{62CDDF40-BAC5-4F84-A103-E9BFC1E0C87A}.Release|x86.ActiveCfg = Release|Win32
		{62CDDF40-BAC5-4F84-A103-E9BFC1E0C87A}.Release|x86.Build.0 = Release|Win32
		{B33AB5C3-5C71-44EC-B908-256D35A7FC89}.Debug|x64.ActiveCfg = Debug|x64
		{B33AB5C3-5C71-44EC-B908-256D35A7FC89}.Debug|x64.Build.0 = Debug|x64
		{B33AB5C3-5C71-44EC-B908-256D35A7FC89}.Debug|x86.ActiveCfg = Debug|Win32
		{B33AB5C3-5C71-44EC-B908-256D35A7FC89}.Debug|x86.Build.0 = Debug|Win32
		{B33AB5C3-5C71-44EC-B908-256D35A7FC89}.Release|x64.ActiveCfg = Release|x64
		{B33AB5C3-5C71-44EC-B908-256D35A7FC89}.Release|x64.Build.0 = Release|x64
		{B33AB5C3-5C71-44EC-B908-256D35A7FC89}.Release|x86.ActiveCfg = Release|Win32
		{B33AB5C3-5C71-44EC-B908-256D35A7FC89}.Release|x86.Build.0 = Release|Win32
		{03F53A40-BE34-4A46-B1DD-6BDCF6D41681}.Debug|x64.ActiveCfg = Debug|x64
		{03F53A40-BE34-4A46-B1DD-6BDCF6D41681}.Debug|x64.Build.0 = Debug|x64
		{03F53A40-BE34-4A46-B1DD-6BDCF6D41681}.Debug|x86.ActiveCfg = Debug|Win32
		{03F53A40-BE34-4A46-B1DD-6BDCF6D41681}.Debug|x86.Build.0 = Debug|Win32
		{03F53A40-BE34-4A46-B1DD-6BDCF6D41681}.Release|x64.ActiveCfg = Release|x64
		{03F53A40-BE34-4A46-B1DD-6BDCF6D41681}.Release|x64.Build.0 = Release|x64
		{03F53A40-BE34-4A46-B1DD-6BDCF6D41681}.Release|x86.ActiveCfg = Release|Win32
		{03F53A40-BE34-4A46-B1DD-6BDCF6D41681}.Release|x86.Build.0 = Release|Win32
		{0856FBE3-4150-4A2A-8DCE-BFE61754A569}.Debug|x64.ActiveCfg = Debug|x64
		{0856FBE3-4150-4A2A-8DCE-BFE61754A569}.Debug|x64.Build.0 = Debug|x64
		{0856FBE3-4150-4A2A-8DCE-BFE61754A569}.Debug|x86.ActiveCfg = Debug|Win32
		{0856FBE3-4150-4A2A-8DCE-BFE61754A569}.Debug|x86.Build.0 = Debug|Win32
		{0856FBE3-4150-4A2A-8DCE-BFE61754A569}.Release|x64.ActiveCfg = Release|x64
		{0856FBE3-4150-4A2A-8DCE-BFE61754A569}.Release|x64.Build.0 = Release|x64
		{0856FBE3-4150-4A2A-8DCE-BFE61754A569}.Release|x86.ActiveCfg = Release|Win32
		{0856FBE3-4150-4A2A-8DCE-BFE61754A569}.Release|x86.Build.0 = Release|Win32
		{36825DC3-5913-4E0B-A796-F4455FC1CEC4}.Debug|x64.ActiveCfg = Debug|x64
		{36825DC3-5913-4E0B-A796-F4455FC1CEC4}.Debug|x64.Build.0 = Debug|x64
		{36825DC3-5913-4E0B-A796-F4455FC1CEC4}.Debug|x86.ActiveCfg = Debug|Win32
		{36825DC3-5913-4E0B-A796-F4455FC1CEC4}.Debug|x86.Build.0 = Debug|Win32
		{36825DC3-5913-4E0B-A796-F4455FC1CEC4}.Release|x64.ActiveCfg = Release|x64
		{36825DC3-5913-4E0B-A796-F4455FC1CEC4}.Release|x64.Build.0 = Release|x64
		{36825DC3-5913-4E0B-A796-F4455FC1CEC4}.Release|x86.ActiveCfg = Release|Win32
		{36825DC3-5913-4E0B-A796-F4455FC1CEC4}.Release|x86.Build.0 = Release|Win32
		{E6C08369-67D0-43D9-9B92-CAABA1C50CC4}.Debug|x64.ActiveCfg = Debug|x64
		{E6C08369-67D0-43D9-9B92-CAABA1C50CC4}.Debug|x64.Build.0 = Debug|x64
		{E6C08369-67D0-43D9-9B92-CAABA1C50CC4}.Debug|x86.ActiveCfg = Debug|Win32
		{E6C08369-67D0-43D9-9B92-CAABA1C50CC4}.Debug|x86.Build.0 = Debug|Win32
		{E6C08369-67D0-43D9-9B92-CAABA1C50CC4}.Release|x64.ActiveCfg = Release|x64
		{E6C08369-67D0-43D9-9B92-CAABA1C50CC4}.Release|x64.Build.0 = Release|x64
		{E6C08369-67D0-43D9-9B92-CAABA1C50CC4}.Release|x86.ActiveCfg = Release|Win32
		{E6C08369-67D0-43D9-9B92-CAABA1C50CC4}.Release|x86.Build.0 = Release|Win32
		{70F3F3CA-0AD4-4834-A5C9-8B1A6EDB15E3}.Debug|x64.ActiveCfg = Debug|x64
		{70F3F3CA-0AD4-4834-A5C9-8B1A6EDB15E3}.Debug|x64.Build.0 = Debug|x64
		{70F3F3CA-0AD4-4834-A5C9-8B1A6EDB15E3}.Debug|x86.ActiveCfg = Debug|Win32
		{70F3F3CA-0AD4-4834-A5C9-8B1A6EDB15E3}.Debug|x86.Build.0 = Debug|Win32
		{70F3F3CA-0AD4-4834-A5C9-8B1A6EDB15E3}.Release|x64.ActiveCfg = Release|x64
		{70F3F3CA-0AD4-4834-A5C9-8B1A6EDB15E3}.Release|x64.Build.0 = Release|x64
		{70F3F3CA-0AD4-4834-A5C9-8B1A6EDB15E3}.Release|x86.ActiveCfg = Release|Win32
		{70F3F3CA-0AD4-4834-A5C9-8B1A6EDB15E3}.Release|x86.Build.0 = Release|Win32
		{337789A4-3C4E-4924-B24F-441AB666B3E5}.Debug|x64.ActiveCfg = Debug|x64
		{337789A4-3C4E-4924-B24F-441AB666B3E5}.Debug|x64.Build.0 = Debug|x64
		{337789A4-3C4E-4924-B24F-441AB666B3E5}.Debug|x86.ActiveCfg = Debug|Win32
		{337789A4-3C4E-4924-B24F-441AB666B3E5}.Debug|x86.Build.0 = Debug|Win32
		{337789A4-3C4E-4924-B24F-441AB666B3E5}.Release|x64.ActiveCfg = Release|x64
		{337789A4-3C4E-4924-B24F-441AB666B3E5}.Release|x64.Build.0 = Release|x64
		{337789A4-3C4E-4924-B24F-441AB666B3E5}.Release|x86.ActiveCfg = Release|Win32
		{337789A4-3C4E-4924-B24F-441AB666B3E5}.Release|x86.Build.0 = Release|Win32
		{DEA09171-1681-413B-A4C8-278C402FA2FE}.Debug|x64.ActiveCfg = Debug|x64
		{DEA09171-1681-413B-A4C8-278C402FA2FE}.Debug|x64.Build.0 = Debug|x64
		{DEA09171-1681-413B-A4C8-278C402FA2FE}.Debug|x86.ActiveCfg = Debug|Win32
		{DEA09171-1681-413B-A4C8-278C402FA2FE}.Debug|x86.Build.0 = Debug|Win32
		{DEA09171-1681-413B-A4C8-278C402FA2FE}.Release|x64.ActiveCfg = Release|x64
		{DEA09171-1681-413B-A4C8-278C402FA2FE}.Release|x64.Build.0 = Release|x64
		{DEA09171-1681-413B-A4C8-278C402FA2FE}.Release|x86.ActiveCfg = Release|Win32
		{DEA09171-1681-413B-A4C8-278C402FA2FE}.Release|x86.Build.0 = Release|Win32
		{DCADA85D-4D5F-42AF-9649-CE3462526AED}.Debug|x64.ActiveCfg = Debug|x64
		{DCADA85D-4D5F-42AF-9649-CE3462526AED}.Debug|x64.Build.0 = Debug|x64
		{DCADA85D-4D5F-42AF-9649-CE3462526AED}.Debug|x86.ActiveCfg = Debug|Win32
		{DCADA85D-4D5F-42AF-9649-CE3462526AED}.Debug|x86.Build.0 = Debug|Win32
		{DCADA85D-4D5F-42AF-9649-CE3462526AED}.Release|x64.ActiveCfg = Release|x64
		{DCADA85D-4D5F-42AF-9649-CE3462526AED}.Release|x64.Build.0 = Release|x64
		{DCADA85D-4D5F-42AF-9649-CE3462526AED}.Release|x86.ActiveCfg = Release|Win32
		{DCADA85D-4D5F-42AF-9649-CE3462526AED}.Release|x86.Build.0 = Release|Win32
		{19864E9D-D088-4EDA-BBED-169F4EC6CE42}.Debug|x64.ActiveCfg = Debug|x64
		{19864E9D-D088-4EDA-BBED-169F4EC6CE42}.Debug|x64.Build.0 = Debug|x64
		{19864E9D-D088-4EDA-BBED-169F4EC6CE42}.Debug|x86.ActiveCfg = Debug|Win32
		{19864E9D-D088-4EDA-BBED-169F4EC6CE42}.Debug|x86.Build.0 = Debug|Win32
		{19864E9D-D088-4EDA-BBED-169F4EC6CE42}.Release|x64.ActiveCfg = Release|x64
		{19864E9D-D088-4EDA-BBED-169F4EC6CE42}.Release|x64.Build.0 = Release|x64
		{19864E9D-D088-4EDA-BBED-169F4EC6CE42}.Release|x86.ActiveCfg = Release|Win32
		{19864E9D-D088-4EDA-BBED-169F4EC6CE42}.Release|x86.Build.0 = Release|Win32
		{34174B67-FFB5-426B-A619-88C47481D53C}.Debug|x64.ActiveCfg = Debug|x64
		{34174B67-FFB5-426B-A619-88C47481D53C}.Debug|x64.Build.0 = Debug|x64
		{34174B67-FFB5-426B-A619-88C47481D53C}.Debug|x86.ActiveCfg = Debug|Win32
		{34174B67-FFB5-426B-A619-88C47481D53C}.Debug|x86.Build.0 = Debug|Win32
		{34174B67-FFB5-426B-A619-88C47481D53C}.Release|x64.ActiveCfg = Release|x64
		{34174B67-FFB5-426B-A619-88C47481D53C}.Release|x64.Build.0 = Release|x64
		{34174B67-FFB5-426B-A619-88C47481D53C}.Release|x86.ActiveCfg = Release|Win32
		{34174B67-FFB5-426B-A619-88C47481D53C}.Release|x86.Build.0 = Release|Win32
		{8B59C4ED-7D78-47A0-AAC8-31E79396C27D}.Debug|x64.ActiveCfg = Debug|x64
		{8B59C4ED-7D78-47A0-AAC8-31E79396C27D}.Debug|x64.Build.0 = Debug|x64
		{8B59C4ED-7D78-47A0-AAC8-31E79396C27D}.Debug|x86.ActiveCfg = Debug|Win32
		{8B59C4ED-7D78-47A0-AAC8-31E79396C27D}.Debug|x86.Build.0 = Debug|Win32
		{8B59C4ED-7D78-47A0-AAC8-31E79396C27D}.Release|x64.ActiveCfg = Release|x64
		{8B59C4ED-7D78-47A0-AAC8-31E79396C27D}.Release|x64.Build.0 = Release|x64
		{8B59C4ED-7D78-47A0-AAC8-31E79396C27D}.Release|x86.ActiveCfg = Release|Win32
		{8B59C4ED-7D78-47A0-AAC8-31E79396C27D}.Release|x86.Build.0 = Release|Win32
		{0127AB83-4DDC-427B-B22E-559D76FFC6BA}.Debug|x64.ActiveCfg = Debug|x64
		{0127AB83-4DDC-427B-B22E-559D76FFC6BA}.Debug|x64.Build.0 = Debug|x64
		{0127AB83-4DDC-427B-B22E-559D76FFC6BA}.Debug|x86.ActiveCfg = Debug|Win32
		{0127AB83-4DDC-427B-B22E-559D76FFC6BA}.Debug|x86.Build.0 = Debug|Win32
		{0127AB83-4DDC-427B-B22E-559D76FFC6BA}.Release|x64.ActiveCfg = Release|x64
		{0127AB83-4DDC-427B-B22E-559D76FFC6BA}.Release|x64.Build.0 = Release|x64
		{0127AB83-4DDC-427B-B22E-559D76FFC6BA}.Release|x86.ActiveCfg = Release|Win32
		{0127AB83-4DDC-427B-B22E-559D76FFC6BA}.Release|x86.Build.0 = Release|Win32
		{E36B7EE1-C3D8-4F37-A6BF-1D118EF9E70F}.Debug|x64.ActiveCfg = Debug|x64
		{E36B7EE1-C3D8-4F37-A6BF-1D118EF9E70F}.Debug|x64.Build.0 = Debug|x64
		{E36B7EE1-C3D8-4F37-A6BF-1D118EF9E70F}.Debug|x86.ActiveCfg = Debug|Win32
		{E36B7EE1-C3D8-4F37-A6BF-1D118EF9E70F}.Debug|x86.Build.0 = Debug|Win32
		{E36B7EE1-C3D8-4F37-A6BF-1D118EF9E70F}.Release|x64.ActiveCfg = Release|x64
		{E36B7EE1-C3D8-4F37-A6BF-1D118EF9E70F}.Release|x64.Build.0 = Release|x64
		{E36B7EE1-C3D8-4F37-A6BF-1D118EF9E70F}.Release|x86.ActiveCfg = Release|Win32
		{E36B7EE1-C3D8-4F37-A6BF-1D118EF9E70F}.Release|x86.Build.0 = Release|Win32
		{E281118F-8228-490F-8953-52FC28F425D0}.Debug|x64.ActiveCfg = Debug|x64
		{E281118F-8228-490F-8953-52FC28F425D0}.Debug|x64.Build.0 = Debug|x64
		{E281118F-8228-490F-8953-52FC28F425D0}.Debug|x86.ActiveCfg = Debug|Win32
		{E281118F-8228-490F-8953-52FC28F425D0}.Debug|x86.Build.0 = Debug|Win32
		{E281118F-8228-490F-8953-52FC28F425D0}.Release|x64.ActiveCfg = Release|x64
		{E281118F-8228-490F-8953-52FC28F425D0}.Release|x64.Build.0 = Release|x64
		{E281118F-8228-490F-8953-52FC28F425D0}.Release|x86.ActiveCfg = Release|Win32
		{E281118F-8228-490F-8953-52FC28F425D0}.Release|x86.Build.0 = Release|Win32
		{94E5E610-078B-4A8B-AA58-1047CB62F876}.Debug|x64.ActiveCfg = Debug|x64
		{94E5E610-078B-4A8B-AA58-1047CB62F876}.Debug|x64.Build.0 = Debug|x64
		{94E5E610-078B-4A8B-AA58-1047CB62F876}.Debug|x86.ActiveCfg = Debug|Win32
		{94E5E610-078B-4A8B-AA58-1047CB62F876}.Debug|x86.Build.0 = Debug|Win32
		{94E5E610-078B-4A8B-AA58-1047CB62F876}.Release|x64.ActiveCfg = Release|x64
		{94E5E610-078B-4A8B-AA58-1047CB62F876}.Release|x64.Build.0 = Release|x64
		{94E5E610-078B-4A8B-AA58-1047CB62F876}.Release|x86.ActiveCfg = Release|Win32
		{94E5E610-078B-4A8B-AA58-1047CB62F876}.Release|x86.Build.0 = Release|Win32
		{59EBA6AE-6895-42C6-8A24-16BAA5633BE1}.Debug|x64.ActiveCfg = Debug|x64
		{59EBA6AE-6895-42C6-8A24-16BAA5633BE1}.Debug|x64.Build.0 = Debug|x64
		{59EBA6AE-6895-42C6-8A24-16BAA5633BE1}.Debug|x86.ActiveCfg = Debug|Win32
		{59EBA6AE-6895-42C6-8A24-16BAA5633BE1}.Debug|x86.Build.0 = Debug|Win32
		{59EBA6AE-6895-42C6-8A24-16BAA5633BE1}.Release|x64.ActiveCfg = Release|x64
		{59EBA6AE-6895-42C6-8A24-16BAA5633BE1}.Release|x64.Build.0 = Release|x64
		{59EBA6AE-6895-42C6-8A24-16BAA5633BE1}.Release|x86.ActiveCfg = Release|Win32
		{59EBA6AE-6895-42C6-8A24-16BAA5633BE1}.Release|x86.Build.0 = Release|Win32
		{B07734CF-226C-40E3-868C-C4CD9E2D09D7}.Debug|x64.ActiveCfg = Debug|x64
		{B07734CF-226C-40E3-868C-C4CD9E2D09D7}.Debug|x64.Build.0 = Debug|x64
		{B07734CF-226C-40E3-868C-C4CD9E2D09D7}.Debug|x86.ActiveCfg = Debug|Win32
		{B07734CF-226C-40E3-868C-C4CD9E2D09D7}.Debug|x86.Build.0 = Debug|Win32
		{B07734CF-226C-40E3-868C-C4CD9E2D09D7}.Release|x64.ActiveCfg = Release|x64
		{B07734CF-226C-40E3-868C-C4CD9E2D09D7}.Release|x64.Build.0 = Release|x64
		{B07734CF-226C-40E3-868C-C4CD9E2D09D7}.Release|x86.ActiveCfg = Release|Win32
		{B07734CF-226C-40E3-868C-C4CD9E2D09D7}.Release|x86.Build.0 = Release|Win32
		{CC67C557-CFF0-420A-BAC1-73157CF561EB}.Debug|x64.ActiveCfg = Debug|x64
		{CC67C557-CFF0-420A-BAC1-73157CF561EB}.Debug|x64.Build.0 = Debug|x64
		{CC67C557-CFF0-420A-BAC1-73157CF561EB}.Debug|x86.ActiveCfg = Debug|Win32
		{CC67C557-CFF0-420A-BAC1-73157CF561EB}.Debug|x86.Build.0 = Debug|Win32
		{CC67C557-CFF0-420A-BAC1-73157CF561EB}.Release|x64.ActiveCfg = Release|x64
		{CC67C557-CFF0-420A-BAC1-73157CF561EB}.Release|x64.Build.0 = Release|x64
		{CC67C557-CFF0-420A-BAC1-73157CF561EB}.Release|x86.ActiveCfg = Release|Win32
		{CC67C557-CFF0-420A-BAC1-73157CF561EB}.Release|x86.Build.0 = Release|Win32
		{60AFE362-5E6B-488E-AC9E-5FD37043C796}.Debug|x64.ActiveCfg = Debug|x64
		{60AFE362-5E6B-488E-AC9E-5FD37043C796}.Debug|x64.Build.0 = Debug|x64
		{60AFE362-5E6B-488E-AC9E-5FD37043C796}.Debug|x86.ActiveCfg = Debug|Win32
		{60AFE362-5E6B-488E-AC9E-5FD37043C796}.Debug|x86.Build.0 = Debug|Win32
		{60AFE362-5E6B-488E-AC9E-5FD37043C796}.Release|x64.ActiveCfg = Release|x64
		{60AFE362-5E6B-488E-AC9E-5FD37043C796}.Release|x64.Build.0 = Release|x64
		{60AFE362-5E6B-488E-AC9E-5FD37043C796}.Release|x86.ActiveCfg = Release|Win32
		{60AFE362-5E6B-488E-AC9E-5FD37043C796}.Release|x86.Build.0 = Release|Win32
		{C9C77F18-640A-4BB1-B3DD-19EC08ABE498}.Debug|x64.ActiveCfg = Debug|x64
		{C9C77F18-640A-4BB1-B3DD-19EC08ABE498}.Debug|x64.Build.0 = Debug|x64
		{C9C77F18-640A-4BB1-B3DD-19EC08ABE498}.Debug|x86.ActiveCfg = Debug|Win32
		{C9C77F18-640A-4BB1-B3DD-19EC08ABE498}.Debug|x86.Build.0 = Debug|Win32
		{C9C77F18-640A-4BB1-B3DD-19EC08ABE498}.Release|x64.ActiveCfg = Release|x64
		{C9C77F18-640A-4BB1-B3DD-19EC08ABE498}.Release|x64.Build.0 = Release|x64
		{C9C77F18-640A-4BB1-B3DD-19EC08ABE498}.Release|x86.ActiveCfg = Release|Win32
		{C9C77F18-640A-4BB1-B3DD-19EC08ABE498}.Release|x86.Build.0 = Release|Win32
		{C717E6E0-1FA6-47B9-B7DB-2BB75C909603}.Debug|x64.ActiveCfg = Debug|x64
		{C717E6E0-1FA6-47B9-B7DB-2BB75C909603}.Debug|x64.Build.0 = Debug|x64
		{C717E6E0-1FA6-47B9-B7DB-2BB75C909603}.Debug|x86.ActiveCfg = Debug|Win32
		{C717E6E0-1FA6-47B9-B7DB-2BB75C909603}.Debug|x86.Build.0 = Debug|Win32
		{C717E6E0-1FA6-47B9-B7DB-2BB75C909603}.Release|x64.ActiveCfg = Release|x64
		{C717E6E0-1FA6-47B9-B7DB-2BB75C909603}.Release|x64.Build.0 = Release|x64
		{C717E6E0-1FA6-47B9-B7DB-2BB75C909603}.Release|x86.ActiveCfg = Release|Win32
		{C717E6E0-1FA6-47B9-B7DB-2BB75C909603}.Release|x86.Build.0 = Release|Win32
		{01E2EA39-E149-4393-9745-85A494F7705D}.Debug|x64.ActiveCfg = Debug|x64
		{01E2EA39-E149-4393-9745-85A494F7705D}.Debug|x64.Build.0 = Debug|x64
		{01E2EA39-E149-4393-9745-85A494F7705D}.Debug|x86.ActiveCfg = Debug|Win32
		{01E2EA39-E149-4393-9745-85A494F7705D}.Debug|x86.Build.0 = Debug|Win32
		{01E2EA39-E149-4393-9745-85A494F7705D}.Release|x64.ActiveCfg = Release|x64
		{01E2EA39-E149-4393-9745-85A494F7705D}.Release|x64.Build.0 = Release|x64
		{01E2EA39-E149-4393-9745-85A494F7705D}.Release|x86.ActiveCfg = Release|Win32
		{01E2EA39-E149-4393-9745-85A494F7705D}.Release|x86.Build.0 = Release|Win32
		{988FC64D-5BDE-4252-8663-A5719F371873}.Debug|x64.ActiveCfg = Debug|x64
		{988FC64D-5BDE-4252-8663-A5719F371873}.Debug|x64.Build.0 = Debug|x64
		{988FC64D-5BDE-4252-8663-A5719F371873}.Debug|x86.ActiveCfg = Debug|Win32
		{988FC64D-5BDE-4252-8663-A5719F371873}.Debug|x86.Build.0 = Debug|Win32
		{988FC64D-5BDE-4252-8663-A5719F371873}.Release|x64.ActiveCfg = Release|x64
		{988FC64D-5BDE-4252-8663-A5719F371873}.Release|x64.Build.0 = Release|x64
		{988FC64D-5BDE-4252-8663-A5719F371873}.Release|x86.ActiveCfg = Release|Win32
		{988FC64D-5BDE-4252-8663-A5719F371873}.Release|x86.Build.0 = Release|Win32
		{0DA3AEB8-593D-41C9-B9E6-48EF32581304}.Debug|x64.ActiveCfg = Debug|x64
		{0DA3AEB8-593D-41C9-B9E6-48EF32581304}.Debug|x64.Build.0 = Debug|x64
		{0DA3AEB8-593D-41C9-B9E6-48EF32581304}.Debug|x86.ActiveCfg = Debug|Win32
		{0DA3AEB8-593D-41C9-B9E6-48EF32581304}.Debug|x86.Build.0 = Debug|Win32
		{0DA3AEB8-593D-41C9-B9E6-48EF32581304}.Release|x64.ActiveCfg = Release|x64
		{0DA3AEB8-593D-41C9-B9E6-48EF32581304}.Release|x64.Build.0 = Release|x64
		{0DA3AEB8-593D-41C9-B9E6-48EF32581304}.Release|x86.ActiveCfg = Release|Win32
		{0DA3AEB8-593D-41C9-B9E6-48EF32581304}.Release|x86.Build.0 = Release|Win32
		{0E8115E4-5A84-4930-BE4F-97DB4D730D84}.Debug|x64.ActiveCfg = Debug|x64
		{0E8115E4-5A84-4930-BE4F-97DB4D730D84}.Debug|x64.Build.0 = Debug|x64
		{0E8115E4-5A84-4930-BE4F-97DB4D730D84}.Debug|x86.ActiveCfg = Debug|Win32
		{0E8115E4-5A84-4930-BE4F-97DB4D730D84}.Debug|x86.Build.0 = Debug|Win32
		{0E8115E4-5A84-4930-BE4F-97DB4D730D84}.Release|x64.ActiveCfg = Release|x64
		{0E8115E4-5A84-4930-BE4F-97DB4D730D84}.Release|x64.Build.0 = Release|x64
		{0E8115E4-5A84-4930-BE4F-97DB4D730D84}.Release|x86.ActiveCfg = Release|Win32
		{0E8115E4-5A84-4930-BE4F-97DB4D730D84}.Release|x86.Build.0 = Release|Win32
		{389EABF1-1F63-4EE7-9E03-6775A8EAA54E}.Debug|x64.ActiveCfg = Debug|x64
		{389EABF1-1F63-4EE7-9E03-6775A8EAA54E}.Debug|x64.Build.0 = Debug|x64
		{389EABF1-1F63-4EE7-9E03-6775A8EAA54E}.Debug|x86.ActiveCfg = Debug|Win32
		{389EABF1-1F63-4EE7-9E03-6775A8EAA54E}.Debug|x86.Build.0 = Debug|Win32
		{389EABF1-1F63-4EE7-9E03-6775A8EAA54E}.Release|x64.ActiveCfg = Release|x64
		{389EABF1-1F63-4EE7-9E03-6775A8EAA54E}.Release|x64.Build.0 = Release|x64
		{389EABF1-1F63-4EE7-9E03-6775A8EAA54E}.Release|x86.ActiveCfg = Release|Win32
		{389EABF1-1F63-4EE7-9E03-6775A8EAA54E}.Release|x86.Build.0 = Release|Win32
		{3E2A3CB1-0B9F-4C40-813E-FAAFA25DD365}.Debug|x64.ActiveCfg = Debug|x64
		{3E2A3CB1-0B9F-4C40-813E-FAAFA25DD365}.Debug|x64.Build.0 = Debug|x64
		{3E2A3CB1-0B9F-4C40-813E-FAAFA25DD365}.Debug|x86.ActiveCfg = Debug|Win32
		{3E2A3CB1-0B9F-4C40-813E-FAAFA25DD365}.Debug|x86.Build.0 = Debug|Win32
		{3E2A3CB1-0B9F-4C40-813E-FAAFA25DD365}.Release|x64.ActiveCfg = Release|x64
		{3E2A3CB1-0B9F-4C40-813E-FAAFA25DD365}.Release|x64.Build.0 = Release|x64
		{3E2A3CB1-0B9F-4C40-813E-FAAFA25DD365}.Release|x86.ActiveCfg = Release|Win32
		{3E2A3CB1-0B9F-4C40-813E-FAAFA25DD365}.Release|x86.Build.0 = Release|Win32
		{D5E90F84-B7E9-4EF3-B730-0BCBDD0913C9}.Debug|x64.ActiveCfg = Debug|x64
		{D5E90F84-B7E9-4EF3-B730-0BCBDD0913C9}.Debug|x64.Build.0 = Debug|x64
		{D5E90F84-B7E9-4EF3-B730-0BCBDD0913C9}.Debug|x86.ActiveCfg = Debug|Win32
		{D5E90F84-B7E9-4EF3-B730-0BCBDD0913C9}.Debug|x86.Build.0 = Debug|Win32
		{D5E90F84-B7E9-4EF3-B730-0BCBDD0913C9}.Release|x64.ActiveCfg = Release|x64
		{D5E90F84-B7E9-4EF3-B730-0BCBDD0913C9}.Release|x64.Build.0 = Release|x64
		{D5E90F84-B7E9-4EF3-B730-0BCBDD0913C9}.Release|x86.ActiveCfg = Release|Win32
		{D5E90F84-B7E9-4EF3-B730-0BCBDD0913C9}.Release|x86.Build.0 = Release|Win32
		{D5D1338B-A088-4F20-9A77-2D5222F5F2F5}.Debug|x64.ActiveCfg = Debug|x64
		{D5D1338B-A088-4F20-9A77-2D5222F5F2F5}.Debug|x64.Build.0 = Debug|x64
		{D5D1338B-A088-4F20-9A77-2D5222F5F2F5}.Debug|x86.ActiveCfg = Debug|Win32
		{D5D1338B-A088-4F20-9A77-2D5222F5F2F5}.Debug|x86.Build.0 = Debug|Win32
		{D5D1338B-A088-4F20-9A77-2D5222F5F2F5}.Release|x64.ActiveCfg = Release|x64
		{D5D1338B-A088-4F20-9A77-2D5222F5F2F5}.Release|x64.Build.0 = Release|x64
		{D5D1338B-A088-4F20-9A77-2D5222F5F2F5}.Release|x86.ActiveCfg = Release|Win32
		{D5D1338B-A088-4F20-9A77-2D5222F5F2F5}.Release|x86.Build.0 = Release|Win32
		{6A9A8871-F9C5-48DB-A1B2-CA7A6F9F0B87}.Debug|x64.ActiveCfg = Debug|x64
		{6A9A8871-F9C5-48DB-A1B2-CA7A6F9F0B87}.Debug|x64.Build.0 = Debug|x64
		{6A9A8871-F9C5-48DB-A1B2-CA7A6F9F0B87}.Debug|x86.ActiveCfg = Debug|Win32
		{6A9A8871-F9C5-48DB-A1B2-CA7A6F9F0B87}.Debug|x86.Build.0 = Debug|Win32
		{6A9A8871-F9C5-48DB-A1B2-CA7A6F9F0B87}.Release|x64.ActiveCfg = Release|x64
		{6A9A8871-F9C5-48DB-A1B2-CA7A6F9F0B87}.Release|x64.Build.0 = Release|x64
		{6A9A8871-F9C5-48DB-A1B2-CA7A6F9F0B87}.Release|x86.ActiveCfg = Release|Win32
		{6A9A8871-F9C5-48DB-A1B2-CA7A6F9F0B87}.Release|x86.Build.0 = Release|Win32
		{5F9BD152-E8F4-4F29-93FB-7CF607EED304}.Debug|x64.ActiveCfg = Debug|x64
		{5F9BD152-E8F4-4F29-93FB-7CF607EED304}.Debug|x64.Build.0 = Debug|x64
		{5F9BD152-E8F4-4F29-93FB-7CF607EED304}.Debug|x86.ActiveCfg = Debug|Win32
		{5F9BD152-E8F4-4F29-93FB-7CF607EED304}.Debug|x86.Build.0 = Debug|Win32
		{5F9BD152-E8F4-4F29-93FB-7CF607EED304}.Release|x64.ActiveCfg = Release|x64
		{5F9BD152-E8F4-4F29-93FB-7CF607EED304}.Release|x64.Build.0 = Release|x64
		{5F9BD152-E8F4-4F29-93FB-7CF607EED304}.Release|x86.ActiveCfg = Release|Win32
		{5F9BD152-E8F4-4F29-93FB-7CF607EED304}.Release|x86.Build.0 = Release|Win32
		{9A88DB84-0DEB-4C31-9550-B965AC22FF89}.Debug|x64.ActiveCfg = Debug|x64
		{9A88DB84-0DEB-4C31-9550-B965AC22FF89}.Debug|x64.Build.0 = Debug|x64
		{9A88DB84-0DEB-4C31-9550-B965AC22FF89}.Debug|x86.ActiveCfg = Debug|Win32
		{9A88DB84-0DEB-4C31-9550-B965AC22FF89}.Debug|x86.Build.0 = Debug|Win32
		{9A88DB84-0DEB-4C31-9550-B965AC22FF89}.Release|x64.ActiveCfg = Release|x64
		{9A88DB84-0DEB-4C31-9550-B965AC22FF89}.Release|x64.Build.0 = Release|x64
		{9A88DB84-0DEB-4C31-9550-B965AC22FF89}.Release|x86.ActiveCfg = Release|Win32
		{9A88DB84-0DEB-4C31-9550-B965AC22FF89}.Release|x86.Build.0 = Release|Win32
		{FA4C17F4-1E9F-41E3-A352-6261224E3C7F}.Debug|x64.ActiveCfg = Debug|x64
		{FA4C17F4-1E9F-41E3-A352-6261224E3C7F}.Debug|x64.Build.0 = Debug|x64
		{FA4C17F4-1E9F-41E3-A352-6261224E3C7F}.Debug|x86.ActiveCfg = Debug|Win32
		{FA4C17F4-1E9F-41E3-A352-6261224E3C7F}.Debug|x86.Build.0 = Debug|Win32
		{FA4C17F4-1E9F-41E3-A352-6261224E3C7F}.Release|x64.ActiveCfg = Release|x64
		{FA4C17F4-1E9F-41E3-A352-6261224E3C7F}.Release|x64.Build.0 = Release|x64
		{FA4C17F4-1E9F-41E3-A352-6261224E3C7F}.Release|x86.ActiveCfg = Release|Win32
		{FA4C17F4-1E9F-41E3-A352-6261224E3C7F}.Release|x86.Build.0 = Release|Win32
		{2131EE69-3755-43F3-B9C5-59D143781DD1}.Debug|x64.ActiveCfg = Debug|x64
		{2131EE69-3755-43F3-B9C5-59D143781DD1}.Debug|x64.Build.0 = Debug|x64
		{2131EE69-3755-43F3-B9C5-59D143781DD1}.Debug|x86.ActiveCfg = Debug|Win32
		{2131EE69-3755-43F3-B9C5-59D143781DD1}.Debug|x86.Build.0 = Debug|Win32
		{2131EE69-3755-43F3-B9C5-59D143781DD1}.Release|x64.ActiveCfg = Release|x64
		{2131EE69-3755-43F3-B9C5-59D143781DD1}.Release|x64.Build.0 = Release|x64
		{2131EE69-3755-43F3-B9C5-59D143781DD1}.Release|x86.ActiveCfg = Release|Win32
		{2131EE69-3755-43F3-B9C5-59D143781DD1}.Release|x86.Build.0 = Release|Win32
		{043A363C-F339-4935-A00D-2CD1149732B7}.Debug|x64.ActiveCfg = Debug|x64
		{043A363C-F339-4935-A00D-2CD1149732B7}.Debug|x64.Build.0 = Debug|x64
		{043A363C-F339-4935-A00D-2CD1149732B7}.Debug|x86.ActiveCfg = Debug|Win32
		{043A363C-F339-4935-A00D-2CD1149732B7}.Debug|x86.Build.0 = Debug|Win32
		{043A363C-F339-4935-A00D-2CD1149732B7}.Release|x64.ActiveCfg = Release|x64
		{043A363C-F339-4935-A00D-2CD1149732B7}.Release|x64.Build.0 = Release|x64
		{043A363C-F339-4935-A00D-2CD1149732B7}.Release|x86.ActiveCfg = Release|Win32
		{043A363C-F339-4935-A00D-2CD1149732B7}.Release|x86.Build.0 = Release|Win32
		{77670CC8-021A-4AB1-9703-44FFFBE63E8F}.Debug|x64.ActiveCfg = Debug|x64
		{77670CC8-021A-4AB1-9703-44FFFBE63E8F}.Debug|x64.Build.0 = Debug|x64
		{77670CC8-021A-4AB1-9703-44FFFBE63E8F}.Debug|x86.ActiveCfg = Debug|Win32
		{77670CC8-021A-4AB1-9703-44FFFBE63E8F}.Debug|x86.Build.0 = Debug|Win32
		{77670CC8-021A-4AB1-9703-44FFFBE63E8F}.Release|x64.ActiveCfg = Release|x64
		{77670CC8-021A-4AB1-9703-44FFFBE63E8F}.Release|x64.Build.0 = Release|x64
		{77670CC8-021A-4AB1-9703-44FFFBE63E8F}.Release|x86.ActiveCfg = Release|Win32
		{77670CC8-021A-4AB1-9703-44FFFBE63E8F}.Release|x86.Build.0 = Release|Win32
		{EFD3E0A8-6D1C-4CC0-94C0-A4C17E6B53C0}.Debug|x64.ActiveCfg = Debug|x64
		{EFD3E0A8-6D1C-4CC0-94C0-A4C17E6B53C0}.Debug|x64.Build.0 = Debug|x64
		{EFD3E0A8-6D1C-4CC0-94C0-A4C17E6B53C0}.Debug|x86.ActiveCfg = Debug|Win32
		{EFD3E0A8-6D1C-4CC0-94C0-A4C17E6B53C0}.Debug|x86.Build.0 = Debug|Win32
		{EFD3E0A8-6D1C-4CC0-94C0-A4C17E6B53C0}.Release|x64.ActiveCfg = Release|x64
		{EFD3E0A8-6D1C-4CC0-94C0-A4C17E6B53C0}.Release|x64.Build.0 = Release|x64
		{EFD3E0A8-6D1C-4CC0-94C0-A4C17E6B53C0}.Release|x86.ActiveCfg = Release|Win32
		{EFD3E0A8-6D1C-4CC0-94C0-A4C17E6B53C0}.Release|x86.Build.0 = Release|Win32
		{13FB3AC8-8B53-4668-8EF3-FA82609EB3B3}.Debug|x64.ActiveCfg = Debug|x64
		{13FB3AC8-8B53-4668-8EF3-FA82609EB3B3}.Debug|x64.Build.0 = Debug|x64
		{13FB3AC8-8B53-4668-8EF3-FA82609EB3B3}.Debug|x86.ActiveCfg = Debug|Win32
		{13FB3AC8-8B53-4668-8EF3-FA82609EB3B3}.Debug|x86.Build.0 = Debug|Win32
		{13FB3AC8-8B53-4668-8EF3-FA82609EB3B3}.Release|x64.ActiveCfg = Release|x64
		{13FB3AC8-8B53-4668-8EF3-FA82609EB3B3}.Release|x64.Build.0 = Release|x64
		{13FB3AC8-8B53-4668-8EF3-FA82609EB3B3}.Release|x86.ActiveCfg = Release|Win32
		{13FB3AC8-8B53-4668-8EF3-FA82609EB3B3}.Release|x86.Build.0 = Release|Win32
	EndGlobalSection
	GlobalSection(SolutionProperties) = preSolution
		HideSolutionNode = FALSE
	EndGlobalSection
	GlobalSection(NestedProjects) = preSolution
		{93C80577-E9BB-4AB2-B549-D320E3376959} = {3FA98898-9BEC-4F1F-9F32-A768FBBD592F}
		{CF95324C-3F1D-477C-957A-CE90FF5AF37F} = {3FA98898-9BEC-4F1F-9F32-A768FBBD592F}
		{94C134A0-EEFA-45E5-AFA6-2E7518372EDD} = {3FA98898-9BEC-4F1F-9F32-A768FBBD592F}
		{238CB902-545E-4E56-8F22-F12304F805B7} = {3FA98898-9BEC-4F1F-9F32-A768FBBD592F}
		{15AA3D3D-D59A-4238-945E-D4A0560A305C} = {3FA98898-9BEC-4F1F-9F32-A768FBBD592F}
		{FAA89DF7-AAAD-4ADC-9D77-E9C299FFAD9D} = {3FA98898-9BEC-4F1F-9F32-A768FBBD592F}
		{70866501-7B2A-4AE4-9681-C24EFB9990AC} = {3FA98898-9BEC-4F1F-9F32-A768FBBD592F}
		{1BE6AAA8-C99C-43C8-9A56-ADCF2B5C392B} = {3FA98898-9BEC-4F1F-9F32-A768FBBD592F}
		{EABF81DA-8692-4585-88E8-A9F2F9452C4F} = {3FA98898-9BEC-4F1F-9F32-A768FBBD592F}
		{51E67234-209C-4948-84F4-F67A83E260A9} = {3FA98898-9BEC-4F1F-9F32-A768FBBD592F}
		{75C0E8F3-DB82-40A5-822B-8309E6E9B19A} = {3FA98898-9BEC-4F1F-9F32-A768FBBD592F}
		{3FA98898-9BEC-4F1F-9F32-A768FBBD592F} = {126990B8-6339-41C8-891E-DCBA310407CD}
		{85CD12CC-B0DC-4D94-AB1C-0EB1E873E4E3} = {3FA98898-9BEC-4F1F-9F32-A768FBBD592F}
		{FD2F19AA-1F29-4056-B944-EA43807FA851} = {3FA98898-9BEC-4F1F-9F32-A768FBBD592F}
		{A440552A-6CC3-4F34-82B5-414822AFEC73} = {3FA98898-9BEC-4F1F-9F32-A768FBBD592F}
		{ADAD4D95-4CCD-41F3-9490-AA1D40DF7E2B} = {3FA98898-9BEC-4F1F-9F32-A768FBBD592F}
		{BE37DC2D-426F-4A2A-B664-111AB46AB313} = {3FA98898-9BEC-4F1F-9F32-A768FBBD592F}
		{F1C4D5D5-163E-46D9-8BD0-11CBE152C58C} = {3FA98898-9BEC-4F1F-9F32-A768FBBD592F}
		{C705B748-B6B0-4D82-B08F-E561E35AAE70} = {3FA98898-9BEC-4F1F-9F32-A768FBBD592F}
		{516B6080-120E-4439-B20E-BF9D1B361344} = {3FA98898-9BEC-4F1F-9F32-A768FBBD592F}
		{28D3E35F-A900-47AC-B8C3-30BF6F8E1EC1} = {3FA98898-9BEC-4F1F-9F32-A768FBBD592F}
		{EC132AD2-A9A5-4099-AEDE-5FEFAF0F9BDB} = {3FA98898-9BEC-4F1F-9F32-A768FBBD592F}
		{6548D465-1D57-424C-83D2-32A056E332B5} = {3FA98898-9BEC-4F1F-9F32-A768FBBD592F}
		{492F4F42-D353-4159-AE86-9AD1F35A2741} = {3FA98898-9BEC-4F1F-9F32-A768FBBD592F}
		{62CDDF40-BAC5-4F84-A103-E9BFC1E0C87A} = {3FA98898-9BEC-4F1F-9F32-A768FBBD592F}
		{B33AB5C3-5C71-44EC-B908-256D35A7FC89} = {3FA98898-9BEC-4F1F-9F32-A768FBBD592F}
		{03F53A40-BE34-4A46-B1DD-6BDCF6D41681} = {3FA98898-9BEC-4F1F-9F32-A768FBBD592F}
		{0856FBE3-4150-4A2A-8DCE-BFE61754A569} = {3FA98898-9BEC-4F1F-9F32-A768FBBD592F}
		{36825DC3-5913-4E0B-A796-F4455FC1CEC4} = {3FA98898-9BEC-4F1F-9F32-A768FBBD592F}
		{E6C08369-67D0-43D9-9B92-CAABA1C50CC4} = {3FA98898-9BEC-4F1F-9F32-A768FBBD592F}
		{70F3F3CA-0AD4-4834-A5C9-8B1A6EDB15E3} = {3FA98898-9BEC-4F1F-9F32-A768FBBD592F}
		{337789A4-3C4E-4924-B24F-441AB666B3E5} = {3FA98898-9BEC-4F1F-9F32-A768FBBD592F}
		{DEA09171-1681-413B-A4C8-278C402FA2FE} = {3FA98898-9BEC-4F1F-9F32-A768FBBD592F}
		{DCADA85D-4D5F-42AF-9649-CE3462526AED} = {3FA98898-9BEC-4F1F-9F32-A768FBBD592F}
		{19864E9D-D088-4EDA-BBED-169F4EC6CE42} = {3FA98898-9BEC-4F1F-9F32-A768FBBD592F}
		{34174B67-FFB5-426B-A619-88C47481D53C} = {3FA98898-9BEC-4F1F-9F32-A768FBBD592F}
		{5CA6F504-5445-4360-8775-566291F7359A} = {126990B8-6339-41C8-891E-DCBA310407CD}
		{8B59C4ED-7D78-47A0-AAC8-31E79396C27D} = {5CA6F504-5445-4360-8775-566291F7359A}
		{0127AB83-4DDC-427B-B22E-559D76FFC6BA} = {5CA6F504-5445-4360-8775-566291F7359A}
		{E36B7EE1-C3D8-4F37-A6BF-1D118EF9E70F} = {5CA6F504-5445-4360-8775-566291F7359A}
		{E281118F-8228-490F-8953-52FC28F425D0} = {5CA6F504-5445-4360-8775-566291F7359A}
		{94E5E610-078B-4A8B-AA58-1047CB62F876} = {5CA6F504-5445-4360-8775-566291F7359A}
		{59EBA6AE-6895-42C6-8A24-16BAA5633BE1} = {5CA6F504-5445-4360-8775-566291F7359A}
		{B07734CF-226C-40E3-868C-C4CD9E2D09D7} = {5CA6F504-5445-4360-8775-566291F7359A}
		{CC67C557-CFF0-420A-BAC1-73157CF561EB} = {5CA6F504-5445-4360-8775-566291F7359A}
		{60AFE362-5E6B-488E-AC9E-5FD37043C796} = {5CA6F504-5445-4360-8775-566291F7359A}
		{C9C77F18-640A-4BB1-B3DD-19EC08ABE498} = {5CA6F504-5445-4360-8775-566291F7359A}
		{C717E6E0-1FA6-47B9-B7DB-2BB75C909603} = {5CA6F504-5445-4360-8775-566291F7359A}
		{01E2EA39-E149-4393-9745-85A494F7705D} = {5CA6F504-5445-4360-8775-566291F7359A}
		{988FC64D-5BDE-4252-8663-A5719F371873} = {5CA6F504-5445-4360-8775-566291F7359A}
		{0DA3AEB8-593D-41C9-B9E6-48EF32581304} = {5CA6F504-5445-4360-8775-566291F7359A}
		{0E8115E4-5A84-4930-BE4F-97DB4D730D84} = {5CA6F504-5445-4360-8775-566291F7359A}
		{389EABF1-1F63-4EE7-9E03-6775A8EAA54E} = {5CA6F504-5445-4360-8775-566291F7359A}
		{3E2A3CB1-0B9F-4C40-813E-FAAFA25DD365} = {5CA6F504-5445-4360-8775-566291F7359A}
		{D5E90F84-B7E9-4EF3-B730-0BCBDD0913C9} = {5CA6F504-5445-4360-8775-566291F7359A}
		{D5D1338B-A088-4F20-9A77-2D5222F5F2F5} = {5CA6F504-5445-4360-8775-566291F7359A}
		{6A9A8871-F9C5-48DB-A1B2-CA7A6F9F0B87} = {5CA6F504-5445-4360-8775-566291F7359A}
		{5F9BD152-E8F4-4F29-93FB-7CF607EED304} = {5CA6F504-5445-4360-8775-566291F7359A}
		{9A88DB84-0DEB-4C31-9550-B965AC22FF89} = {5CA6F504-5445-4360-8775-566291F7359A}
		{FA4C17F4-1E9F-41E3-A352-6261224E3C7F} = {5CA6F504-5445-4360-8775-566291F7359A}
		{2131EE69-3755-43F3-B9C5-59D143781DD1} = {5CA6F504-5445-4360-8775-566291F7359A}
		{043A363C-F339-4935-A00D-2CD1149732B7} = {5CA6F504-5445-4360-8775-566291F7359A}
		{77670CC8-021A-4AB1-9703-44FFFBE63E8F} = {5CA6F504-5445-4360-8775-566291F7359A}
		{EFD3E0A8-6D1C-4CC0-94C0-A4C17E6B53C0} = {5CA6F504-5445-4360-8775-566291F7359A}
		{13FB3AC8-8B53-4668-8EF3-FA82609EB3B3} = {5CA6F504-5445-4360-8775-566291F7359A}
	EndGlobalSection
	GlobalSection(ExtensibilityGlobals) = postSolution
		SolutionGuid = {8DB4E0E4-1B98-4748-BE98-A712D0CF2C21}
	EndGlobalSection
EndGlobal
